
Microsoft Visual Studio Solution File, Format Version 12.00
# Visual Studio 15
VisualStudioVersion = 15.0.28307.757
MinimumVisualStudioVersion = 10.0.40219.1
Project("{FAE04EC0-301F-11D3-BF4B-00C04F79EFBC}") = "client", "client\client.csproj", "{2A1F6669-DF6B-4508-B613-0A0544EE4FA2}"
EndProject
Global
	GlobalSection(SolutionConfigurationPlatforms) = preSolution
		Debug|Any CPU = Debug|Any CPU
		Release|Any CPU = Release|Any CPU
	EndGlobalSection
	GlobalSection(ProjectConfigurationPlatforms) = postSolution
		{2A1F6669-DF6B-4508-B613-0A0544EE4FA2}.Debug|Any CPU.ActiveCfg = Debug|Any CPU
		{2A1F6669-DF6B-4508-B613-0A0544EE4FA2}.Debug|Any CPU.Build.0 = Debug|Any CPU
		{2A1F6669-DF6B-4508-B613-0A0544EE4FA2}.Release|Any CPU.ActiveCfg = Release|Any CPU
		{2A1F6669-DF6B-4508-B613-0A0544EE4FA2}.Release|Any CPU.Build.0 = Release|Any CPU
	EndGlobalSection
	GlobalSection(SolutionProperties) = preSolution
		HideSolutionNode = FALSE
	EndGlobalSection
	GlobalSection(ExtensibilityGlobals) = postSolution
		SolutionGuid = {F877D64C-9C11-4A3E-B918-281C3C20A3D6}
	EndGlobalSection
EndGlobal
